
Microsoft Visual Studio Solution File, Format Version 12.00
# Visual Studio Version 17
VisualStudioVersion = 17.11.35219.272
MinimumVisualStudioVersion = 10.0.40219.1
Project("{FAE04EC0-301F-11D3-BF4B-00C04F79EFBC}") = "WebApplication2", "WebApplication2\WebApplication2.csproj", "{08D242FE-5E5D-4649-BE43-1C55E90EF262}"
EndProject
Global
	GlobalSection(SolutionConfigurationPlatforms) = preSolution
		Debug|Any CPU = Debug|Any CPU
		Release|Any CPU = Release|Any CPU
	EndGlobalSection
	GlobalSection(ProjectConfigurationPlatforms) = postSolution
		{08D242FE-5E5D-4649-BE43-1C55E90EF262}.Debug|Any CPU.ActiveCfg = Debug|Any CPU
		{08D242FE-5E5D-4649-BE43-1C55E90EF262}.Debug|Any CPU.Build.0 = Debug|Any CPU
		{08D242FE-5E5D-4649-BE43-1C55E90EF262}.Release|Any CPU.ActiveCfg = Release|Any CPU
		{08D242FE-5E5D-4649-BE43-1C55E90EF262}.Release|Any CPU.Build.0 = Release|Any CPU
	EndGlobalSection
	GlobalSection(SolutionProperties) = preSolution
		HideSolutionNode = FALSE
	EndGlobalSection
	GlobalSection(ExtensibilityGlobals) = postSolution
		SolutionGuid = {15496E6A-47D8-4B83-A9C1-7FE618DB76F5}
	EndGlobalSection
EndGlobal
